
Microsoft Visual Studio Solution File, Format Version 12.00
# Visual Studio Version 16
VisualStudioVersion = 16.0.30330.147
MinimumVisualStudioVersion = 10.0.40219.1
Project("{FAE04EC0-301F-11D3-BF4B-00C04F79EFBC}") = "DiggerMax", "DiggerMax.csproj", "{F304A737-764F-4878-B1FB-8B1EC0AE593D}"
EndProject
Global
	GlobalSection(SolutionConfigurationPlatforms) = preSolution
		Debug|Any CPU = Debug|Any CPU
		Release|Any CPU = Release|Any CPU
	EndGlobalSection
	GlobalSection(ProjectConfigurationPlatforms) = postSolution
		{F304A737-764F-4878-B1FB-8B1EC0AE593D}.Debug|Any CPU.ActiveCfg = Debug|Any CPU
		{F304A737-764F-4878-B1FB-8B1EC0AE593D}.Debug|Any CPU.Build.0 = Debug|Any CPU
		{F304A737-764F-4878-B1FB-8B1EC0AE593D}.Release|Any CPU.ActiveCfg = Release|Any CPU
		{F304A737-764F-4878-B1FB-8B1EC0AE593D}.Release|Any CPU.Build.0 = Release|Any CPU
	EndGlobalSection
	GlobalSection(SolutionProperties) = preSolution
		HideSolutionNode = FALSE
	EndGlobalSection
	GlobalSection(ExtensibilityGlobals) = postSolution
		SolutionGuid = {EE6D51AC-D454-4788-AEEB-8E9F6356DEB7}
	EndGlobalSection
EndGlobal
